
Microsoft Visual Studio Solution File, Format Version 12.00
# Visual Studio Version 16
VisualStudioVersion = 16.0.35325.158
MinimumVisualStudioVersion = 10.0.40219.1
Project("{8BC9CEB8-8B4A-11D0-8D11-00A0C91BC942}") = "symbion1", "symbion1\symbion1.vcxproj", "{E66D810E-3532-4946-B076-D2C109059268}"
EndProject
Project("{8BC9CEB8-8B4A-11D0-8D11-00A0C91BC942}") = "test_log1", "test_log1\test_log1.vcxproj", "{ADA81FFE-163E-419B-96F4-606891F09191}"
EndProject
Project("{8BC9CEB8-8B4A-11D0-8D11-00A0C91BC942}") = "symbion2", "symbion2\symbion2.vcxproj", "{D2EFAB4A-F9EE-4685-BFC3-FCC2A2465C4F}"
EndProject
Project("{8BC9CEB8-8B4A-11D0-8D11-00A0C91BC942}") = "test_log2", "test_log2\test_log2.vcxproj", "{50DA471E-4DDE-4214-A34F-99EE9869F0DB}"
EndProject
Project("{8BC9CEB8-8B4A-11D0-8D11-00A0C91BC942}") = "use_log2", "use_log2\use_log2.vcxproj", "{0C41A415-A344-4E28-A92E-30B4115CEC7F}"
EndProject
Project("{8BC9CEB8-8B4A-11D0-8D11-00A0C91BC942}") = "Unicode1", "Unicode1\Unicode1.vcxproj", "{364DF65B-63C9-4FAF-9E61-ACD43A46F3F5}"
EndProject
Project("{8BC9CEB8-8B4A-11D0-8D11-00A0C91BC942}") = "Unicode2", "Unicode2\Unicode2.vcxproj", "{55EA4C39-FEAD-4383-BC1E-F58CC06CD27A}"
EndProject
Project("{8BC9CEB8-8B4A-11D0-8D11-00A0C91BC942}") = "MyLog", "MyLog\MyLog.vcxproj", "{FC9B187A-6FF5-4853-A050-B05260E911C5}"
EndProject
Project("{8BC9CEB8-8B4A-11D0-8D11-00A0C91BC942}") = "TestLog", "TestLog\TestLog.vcxproj", "{1E847D39-C7AD-4D56-8E22-92CCD280C697}"
EndProject
Project("{8BC9CEB8-8B4A-11D0-8D11-00A0C91BC942}") = "FileLogger", "FileLogger\FileLogger.vcxproj", "{12D92CD8-5BD4-4393-BF34-4F7D62DA8DD4}"
EndProject
Project("{8BC9CEB8-8B4A-11D0-8D11-00A0C91BC942}") = "EventLogger", "EventLogger\EventLogger.vcxproj", "{AA8E1738-41DD-4D7A-8032-856406C65249}"
EndProject
Project("{8BC9CEB8-8B4A-11D0-8D11-00A0C91BC942}") = "LogCom", "LogCom\LogCom.vcxproj", "{5B3A20DC-B3D1-43E1-843C-D2941906E8CD}"
EndProject
Project("{8BC9CEB8-8B4A-11D0-8D11-00A0C91BC942}") = "LogComPS", "LogComPS\LogComPS.vcxproj", "{2726825C-EF15-42D3-833E-4260DA2E2041}"
	ProjectSection(ProjectDependencies) = postProject
		{5B3A20DC-B3D1-43E1-843C-D2941906E8CD} = {5B3A20DC-B3D1-43E1-843C-D2941906E8CD}
	EndProjectSection
EndProject
Project("{8BC9CEB8-8B4A-11D0-8D11-00A0C91BC942}") = "LogCLR", "LogCLR\LogCLR.vcxproj", "{0C742D3B-2127-432E-8DBD-B52AECBB871A}"
EndProject
Project("{FAE04EC0-301F-11D3-BF4B-00C04F79EFBC}") = "TestLogCLR", "TestLogCLR\TestLogCLR.csproj", "{672FA04B-8B0F-42D4-BF90-548F088FEDDC}"
EndProject
Project("{FAE04EC0-301F-11D3-BF4B-00C04F79EFBC}") = "TestLogCLR2", "TestLogCLR2\TestLogCLR2.csproj", "{33943569-6350-4888-B306-42004028B9EE}"
EndProject
Global
	GlobalSection(SolutionConfigurationPlatforms) = preSolution
		Debug|Any CPU = Debug|Any CPU
		Debug|x64 = Debug|x64
		Debug|x86 = Debug|x86
		Release|Any CPU = Release|Any CPU
		Release|x64 = Release|x64
		Release|x86 = Release|x86
	EndGlobalSection
	GlobalSection(ProjectConfigurationPlatforms) = postSolution
		{E66D810E-3532-4946-B076-D2C109059268}.Debug|Any CPU.ActiveCfg = Debug|Win32
		{E66D810E-3532-4946-B076-D2C109059268}.Debug|x64.ActiveCfg = Debug|x64
		{E66D810E-3532-4946-B076-D2C109059268}.Debug|x64.Build.0 = Debug|x64
		{E66D810E-3532-4946-B076-D2C109059268}.Debug|x86.ActiveCfg = Debug|Win32
		{E66D810E-3532-4946-B076-D2C109059268}.Debug|x86.Build.0 = Debug|Win32
		{E66D810E-3532-4946-B076-D2C109059268}.Release|Any CPU.ActiveCfg = Release|Win32
		{E66D810E-3532-4946-B076-D2C109059268}.Release|x64.ActiveCfg = Release|x64
		{E66D810E-3532-4946-B076-D2C109059268}.Release|x64.Build.0 = Release|x64
		{E66D810E-3532-4946-B076-D2C109059268}.Release|x86.ActiveCfg = Release|Win32
		{E66D810E-3532-4946-B076-D2C109059268}.Release|x86.Build.0 = Release|Win32
		{ADA81FFE-163E-419B-96F4-606891F09191}.Debug|Any CPU.ActiveCfg = Debug|Win32
		{ADA81FFE-163E-419B-96F4-606891F09191}.Debug|x64.ActiveCfg = Debug|x64
		{ADA81FFE-163E-419B-96F4-606891F09191}.Debug|x64.Build.0 = Debug|x64
		{ADA81FFE-163E-419B-96F4-606891F09191}.Debug|x86.ActiveCfg = Debug|Win32
		{ADA81FFE-163E-419B-96F4-606891F09191}.Debug|x86.Build.0 = Debug|Win32
		{ADA81FFE-163E-419B-96F4-606891F09191}.Release|Any CPU.ActiveCfg = Release|Win32
		{ADA81FFE-163E-419B-96F4-606891F09191}.Release|x64.ActiveCfg = Release|x64
		{ADA81FFE-163E-419B-96F4-606891F09191}.Release|x64.Build.0 = Release|x64
		{ADA81FFE-163E-419B-96F4-606891F09191}.Release|x86.ActiveCfg = Release|Win32
		{ADA81FFE-163E-419B-96F4-606891F09191}.Release|x86.Build.0 = Release|Win32
		{D2EFAB4A-F9EE-4685-BFC3-FCC2A2465C4F}.Debug|Any CPU.ActiveCfg = Debug|Win32
		{D2EFAB4A-F9EE-4685-BFC3-FCC2A2465C4F}.Debug|x64.ActiveCfg = Debug|x64
		{D2EFAB4A-F9EE-4685-BFC3-FCC2A2465C4F}.Debug|x64.Build.0 = Debug|x64
		{D2EFAB4A-F9EE-4685-BFC3-FCC2A2465C4F}.Debug|x86.ActiveCfg = Debug|Win32
		{D2EFAB4A-F9EE-4685-BFC3-FCC2A2465C4F}.Debug|x86.Build.0 = Debug|Win32
		{D2EFAB4A-F9EE-4685-BFC3-FCC2A2465C4F}.Release|Any CPU.ActiveCfg = Release|Win32
		{D2EFAB4A-F9EE-4685-BFC3-FCC2A2465C4F}.Release|x64.ActiveCfg = Release|x64
		{D2EFAB4A-F9EE-4685-BFC3-FCC2A2465C4F}.Release|x64.Build.0 = Release|x64
		{D2EFAB4A-F9EE-4685-BFC3-FCC2A2465C4F}.Release|x86.ActiveCfg = Release|Win32
		{D2EFAB4A-F9EE-4685-BFC3-FCC2A2465C4F}.Release|x86.Build.0 = Release|Win32
		{50DA471E-4DDE-4214-A34F-99EE9869F0DB}.Debug|Any CPU.ActiveCfg = Debug|Win32
		{50DA471E-4DDE-4214-A34F-99EE9869F0DB}.Debug|x64.ActiveCfg = Debug|x64
		{50DA471E-4DDE-4214-A34F-99EE9869F0DB}.Debug|x64.Build.0 = Debug|x64
		{50DA471E-4DDE-4214-A34F-99EE9869F0DB}.Debug|x86.ActiveCfg = Debug|Win32
		{50DA471E-4DDE-4214-A34F-99EE9869F0DB}.Debug|x86.Build.0 = Debug|Win32
		{50DA471E-4DDE-4214-A34F-99EE9869F0DB}.Release|Any CPU.ActiveCfg = Release|Win32
		{50DA471E-4DDE-4214-A34F-99EE9869F0DB}.Release|x64.ActiveCfg = Release|x64
		{50DA471E-4DDE-4214-A34F-99EE9869F0DB}.Release|x64.Build.0 = Release|x64
		{50DA471E-4DDE-4214-A34F-99EE9869F0DB}.Release|x86.ActiveCfg = Release|Win32
		{50DA471E-4DDE-4214-A34F-99EE9869F0DB}.Release|x86.Build.0 = Release|Win32
		{0C41A415-A344-4E28-A92E-30B4115CEC7F}.Debug|Any CPU.ActiveCfg = Debug|Win32
		{0C41A415-A344-4E28-A92E-30B4115CEC7F}.Debug|x64.ActiveCfg = Debug|x64
		{0C41A415-A344-4E28-A92E-30B4115CEC7F}.Debug|x64.Build.0 = Debug|x64
		{0C41A415-A344-4E28-A92E-30B4115CEC7F}.Debug|x86.ActiveCfg = Debug|Win32
		{0C41A415-A344-4E28-A92E-30B4115CEC7F}.Debug|x86.Build.0 = Debug|Win32
		{0C41A415-A344-4E28-A92E-30B4115CEC7F}.Release|Any CPU.ActiveCfg = Release|Win32
		{0C41A415-A344-4E28-A92E-30B4115CEC7F}.Release|x64.ActiveCfg = Release|x64
		{0C41A415-A344-4E28-A92E-30B4115CEC7F}.Release|x64.Build.0 = Release|x64
		{0C41A415-A344-4E28-A92E-30B4115CEC7F}.Release|x86.ActiveCfg = Release|Win32
		{0C41A415-A344-4E28-A92E-30B4115CEC7F}.Release|x86.Build.0 = Release|Win32
		{364DF65B-63C9-4FAF-9E61-ACD43A46F3F5}.Debug|Any CPU.ActiveCfg = Debug|Win32
		{364DF65B-63C9-4FAF-9E61-ACD43A46F3F5}.Debug|x64.ActiveCfg = Debug|x64
		{364DF65B-63C9-4FAF-9E61-ACD43A46F3F5}.Debug|x64.Build.0 = Debug|x64
		{364DF65B-63C9-4FAF-9E61-ACD43A46F3F5}.Debug|x86.ActiveCfg = Debug|Win32
		{364DF65B-63C9-4FAF-9E61-ACD43A46F3F5}.Debug|x86.Build.0 = Debug|Win32
		{364DF65B-63C9-4FAF-9E61-ACD43A46F3F5}.Release|Any CPU.ActiveCfg = Release|Win32
		{364DF65B-63C9-4FAF-9E61-ACD43A46F3F5}.Release|x64.ActiveCfg = Release|x64
		{364DF65B-63C9-4FAF-9E61-ACD43A46F3F5}.Release|x64.Build.0 = Release|x64
		{364DF65B-63C9-4FAF-9E61-ACD43A46F3F5}.Release|x86.ActiveCfg = Release|Win32
		{364DF65B-63C9-4FAF-9E61-ACD43A46F3F5}.Release|x86.Build.0 = Release|Win32
		{55EA4C39-FEAD-4383-BC1E-F58CC06CD27A}.Debug|Any CPU.ActiveCfg = Debug|Win32
		{55EA4C39-FEAD-4383-BC1E-F58CC06CD27A}.Debug|x64.ActiveCfg = Debug|x64
		{55EA4C39-FEAD-4383-BC1E-F58CC06CD27A}.Debug|x64.Build.0 = Debug|x64
		{55EA4C39-FEAD-4383-BC1E-F58CC06CD27A}.Debug|x86.ActiveCfg = Debug|Win32
		{55EA4C39-FEAD-4383-BC1E-F58CC06CD27A}.Debug|x86.Build.0 = Debug|Win32
		{55EA4C39-FEAD-4383-BC1E-F58CC06CD27A}.Release|Any CPU.ActiveCfg = Release|Win32
		{55EA4C39-FEAD-4383-BC1E-F58CC06CD27A}.Release|x64.ActiveCfg = Release|x64
		{55EA4C39-FEAD-4383-BC1E-F58CC06CD27A}.Release|x64.Build.0 = Release|x64
		{55EA4C39-FEAD-4383-BC1E-F58CC06CD27A}.Release|x86.ActiveCfg = Release|Win32
		{55EA4C39-FEAD-4383-BC1E-F58CC06CD27A}.Release|x86.Build.0 = Release|Win32
		{FC9B187A-6FF5-4853-A050-B05260E911C5}.Debug|Any CPU.ActiveCfg = Debug|Win32
		{FC9B187A-6FF5-4853-A050-B05260E911C5}.Debug|x64.ActiveCfg = Debug|x64
		{FC9B187A-6FF5-4853-A050-B05260E911C5}.Debug|x64.Build.0 = Debug|x64
		{FC9B187A-6FF5-4853-A050-B05260E911C5}.Debug|x86.ActiveCfg = Debug|Win32
		{FC9B187A-6FF5-4853-A050-B05260E911C5}.Debug|x86.Build.0 = Debug|Win32
		{FC9B187A-6FF5-4853-A050-B05260E911C5}.Release|Any CPU.ActiveCfg = Release|Win32
		{FC9B187A-6FF5-4853-A050-B05260E911C5}.Release|x64.ActiveCfg = Release|x64
		{FC9B187A-6FF5-4853-A050-B05260E911C5}.Release|x64.Build.0 = Release|x64
		{FC9B187A-6FF5-4853-A050-B05260E911C5}.Release|x86.ActiveCfg = Release|Win32
		{FC9B187A-6FF5-4853-A050-B05260E911C5}.Release|x86.Build.0 = Release|Win32
		{1E847D39-C7AD-4D56-8E22-92CCD280C697}.Debug|Any CPU.ActiveCfg = Debug|Win32
		{1E847D39-C7AD-4D56-8E22-92CCD280C697}.Debug|x64.ActiveCfg = Debug|x64
		{1E847D39-C7AD-4D56-8E22-92CCD280C697}.Debug|x64.Build.0 = Debug|x64
		{1E847D39-C7AD-4D56-8E22-92CCD280C697}.Debug|x86.ActiveCfg = Debug|Win32
		{1E847D39-C7AD-4D56-8E22-92CCD280C697}.Debug|x86.Build.0 = Debug|Win32
		{1E847D39-C7AD-4D56-8E22-92CCD280C697}.Release|Any CPU.ActiveCfg = Release|Win32
		{1E847D39-C7AD-4D56-8E22-92CCD280C697}.Release|x64.ActiveCfg = Release|x64
		{1E847D39-C7AD-4D56-8E22-92CCD280C697}.Release|x64.Build.0 = Release|x64
		{1E847D39-C7AD-4D56-8E22-92CCD280C697}.Release|x86.ActiveCfg = Release|Win32
		{1E847D39-C7AD-4D56-8E22-92CCD280C697}.Release|x86.Build.0 = Release|Win32
		{12D92CD8-5BD4-4393-BF34-4F7D62DA8DD4}.Debug|Any CPU.ActiveCfg = Debug|Win32
		{12D92CD8-5BD4-4393-BF34-4F7D62DA8DD4}.Debug|x64.ActiveCfg = Debug|x64
		{12D92CD8-5BD4-4393-BF34-4F7D62DA8DD4}.Debug|x64.Build.0 = Debug|x64
		{12D92CD8-5BD4-4393-BF34-4F7D62DA8DD4}.Debug|x86.ActiveCfg = Debug|Win32
		{12D92CD8-5BD4-4393-BF34-4F7D62DA8DD4}.Debug|x86.Build.0 = Debug|Win32
		{12D92CD8-5BD4-4393-BF34-4F7D62DA8DD4}.Release|Any CPU.ActiveCfg = Release|Win32
		{12D92CD8-5BD4-4393-BF34-4F7D62DA8DD4}.Release|x64.ActiveCfg = Release|x64
		{12D92CD8-5BD4-4393-BF34-4F7D62DA8DD4}.Release|x64.Build.0 = Release|x64
		{12D92CD8-5BD4-4393-BF34-4F7D62DA8DD4}.Release|x86.ActiveCfg = Release|Win32
		{12D92CD8-5BD4-4393-BF34-4F7D62DA8DD4}.Release|x86.Build.0 = Release|Win32
		{AA8E1738-41DD-4D7A-8032-856406C65249}.Debug|Any CPU.ActiveCfg = Debug|Win32
		{AA8E1738-41DD-4D7A-8032-856406C65249}.Debug|x64.ActiveCfg = Debug|x64
		{AA8E1738-41DD-4D7A-8032-856406C65249}.Debug|x64.Build.0 = Debug|x64
		{AA8E1738-41DD-4D7A-8032-856406C65249}.Debug|x86.ActiveCfg = Debug|Win32
		{AA8E1738-41DD-4D7A-8032-856406C65249}.Debug|x86.Build.0 = Debug|Win32
		{AA8E1738-41DD-4D7A-8032-856406C65249}.Release|Any CPU.ActiveCfg = Release|Win32
		{AA8E1738-41DD-4D7A-8032-856406C65249}.Release|x64.ActiveCfg = Release|x64
		{AA8E1738-41DD-4D7A-8032-856406C65249}.Release|x64.Build.0 = Release|x64
		{AA8E1738-41DD-4D7A-8032-856406C65249}.Release|x86.ActiveCfg = Release|Win32
		{AA8E1738-41DD-4D7A-8032-856406C65249}.Release|x86.Build.0 = Release|Win32
		{5B3A20DC-B3D1-43E1-843C-D2941906E8CD}.Debug|Any CPU.ActiveCfg = Debug|Win32
		{5B3A20DC-B3D1-43E1-843C-D2941906E8CD}.Debug|x64.ActiveCfg = Debug|x64
		{5B3A20DC-B3D1-43E1-843C-D2941906E8CD}.Debug|x64.Build.0 = Debug|x64
		{5B3A20DC-B3D1-43E1-843C-D2941906E8CD}.Debug|x86.ActiveCfg = Debug|Win32
		{5B3A20DC-B3D1-43E1-843C-D2941906E8CD}.Debug|x86.Build.0 = Debug|Win32
		{5B3A20DC-B3D1-43E1-843C-D2941906E8CD}.Release|Any CPU.ActiveCfg = Release|Win32
		{5B3A20DC-B3D1-43E1-843C-D2941906E8CD}.Release|x64.ActiveCfg = Release|x64
		{5B3A20DC-B3D1-43E1-843C-D2941906E8CD}.Release|x64.Build.0 = Release|x64
		{5B3A20DC-B3D1-43E1-843C-D2941906E8CD}.Release|x86.ActiveCfg = Release|Win32
		{5B3A20DC-B3D1-43E1-843C-D2941906E8CD}.Release|x86.Build.0 = Release|Win32
		{2726825C-EF15-42D3-833E-4260DA2E2041}.Debug|Any CPU.ActiveCfg = Debug|Win32
		{2726825C-EF15-42D3-833E-4260DA2E2041}.Debug|x64.ActiveCfg = Debug|x64
		{2726825C-EF15-42D3-833E-4260DA2E2041}.Debug|x86.ActiveCfg = Debug|Win32
		{2726825C-EF15-42D3-833E-4260DA2E2041}.Release|Any CPU.ActiveCfg = Release|Win32
		{2726825C-EF15-42D3-833E-4260DA2E2041}.Release|x64.ActiveCfg = Release|x64
		{2726825C-EF15-42D3-833E-4260DA2E2041}.Release|x86.ActiveCfg = Release|Win32
		{0C742D3B-2127-432E-8DBD-B52AECBB871A}.Debug|Any CPU.ActiveCfg = Debug|Win32
		{0C742D3B-2127-432E-8DBD-B52AECBB871A}.Debug|x64.ActiveCfg = Debug|x64
		{0C742D3B-2127-432E-8DBD-B52AECBB871A}.Debug|x64.Build.0 = Debug|x64
		{0C742D3B-2127-432E-8DBD-B52AECBB871A}.Debug|x86.ActiveCfg = Debug|Win32
		{0C742D3B-2127-432E-8DBD-B52AECBB871A}.Debug|x86.Build.0 = Debug|Win32
		{0C742D3B-2127-432E-8DBD-B52AECBB871A}.Release|Any CPU.ActiveCfg = Release|Win32
		{0C742D3B-2127-432E-8DBD-B52AECBB871A}.Release|x64.ActiveCfg = Release|x64
		{0C742D3B-2127-432E-8DBD-B52AECBB871A}.Release|x64.Build.0 = Release|x64
		{0C742D3B-2127-432E-8DBD-B52AECBB871A}.Release|x86.ActiveCfg = Release|Win32
		{0C742D3B-2127-432E-8DBD-B52AECBB871A}.Release|x86.Build.0 = Release|Win32
		{672FA04B-8B0F-42D4-BF90-548F088FEDDC}.Debug|Any CPU.ActiveCfg = Debug|Any CPU
		{672FA04B-8B0F-42D4-BF90-548F088FEDDC}.Debug|Any CPU.Build.0 = Debug|Any CPU
		{672FA04B-8B0F-42D4-BF90-548F088FEDDC}.Debug|x64.ActiveCfg = Debug|Any CPU
		{672FA04B-8B0F-42D4-BF90-548F088FEDDC}.Debug|x64.Build.0 = Debug|Any CPU
		{672FA04B-8B0F-42D4-BF90-548F088FEDDC}.Debug|x86.ActiveCfg = Debug|Any CPU
		{672FA04B-8B0F-42D4-BF90-548F088FEDDC}.Debug|x86.Build.0 = Debug|Any CPU
		{672FA04B-8B0F-42D4-BF90-548F088FEDDC}.Release|Any CPU.ActiveCfg = Release|Any CPU
		{672FA04B-8B0F-42D4-BF90-548F088FEDDC}.Release|Any CPU.Build.0 = Release|Any CPU
		{672FA04B-8B0F-42D4-BF90-548F088FEDDC}.Release|x64.ActiveCfg = Release|Any CPU
		{672FA04B-8B0F-42D4-BF90-548F088FEDDC}.Release|x64.Build.0 = Release|Any CPU
		{672FA04B-8B0F-42D4-BF90-548F088FEDDC}.Release|x86.ActiveCfg = Release|Any CPU
		{672FA04B-8B0F-42D4-BF90-548F088FEDDC}.Release|x86.Build.0 = Release|Any CPU
		{33943569-6350-4888-B306-42004028B9EE}.Debug|Any CPU.ActiveCfg = Debug|Any CPU
		{33943569-6350-4888-B306-42004028B9EE}.Debug|Any CPU.Build.0 = Debug|Any CPU
		{33943569-6350-4888-B306-42004028B9EE}.Debug|x64.ActiveCfg = Debug|Any CPU
		{33943569-6350-4888-B306-42004028B9EE}.Debug|x64.Build.0 = Debug|Any CPU
		{33943569-6350-4888-B306-42004028B9EE}.Debug|x86.ActiveCfg = Debug|Any CPU
		{33943569-6350-4888-B306-42004028B9EE}.Debug|x86.Build.0 = Debug|Any CPU
		{33943569-6350-4888-B306-42004028B9EE}.Release|Any CPU.ActiveCfg = Release|Any CPU
		{33943569-6350-4888-B306-42004028B9EE}.Release|Any CPU.Build.0 = Release|Any CPU
		{33943569-6350-4888-B306-42004028B9EE}.Release|x64.ActiveCfg = Release|Any CPU
		{33943569-6350-4888-B306-42004028B9EE}.Release|x64.Build.0 = Release|Any CPU
		{33943569-6350-4888-B306-42004028B9EE}.Release|x86.ActiveCfg = Release|Any CPU
		{33943569-6350-4888-B306-42004028B9EE}.Release|x86.Build.0 = Release|Any CPU
	EndGlobalSection
	GlobalSection(SolutionProperties) = preSolution
		HideSolutionNode = FALSE
	EndGlobalSection
	GlobalSection(ExtensibilityGlobals) = postSolution
		SolutionGuid = {D33E0322-B965-4D9F-8E32-A59F809FD102}
	EndGlobalSection
EndGlobal
