
Microsoft Visual Studio Solution File, Format Version 12.00
# Visual Studio Version 16
VisualStudioVersion = 16.0.35325.158
MinimumVisualStudioVersion = 10.0.40219.1
Project("{8BC9CEB8-8B4A-11D0-8D11-00A0C91BC942}") = "symbion1", "symbion1\symbion1.vcxproj", "{83D5C822-BEC6-4808-AF8A-FD186B67F4A6}"
EndProject
Project("{8BC9CEB8-8B4A-11D0-8D11-00A0C91BC942}") = "test_log1", "test_log1\test_log1.vcxproj", "{91F89E45-14E3-4B13-986D-5B20FF6B157A}"
EndProject
Project("{8BC9CEB8-8B4A-11D0-8D11-00A0C91BC942}") = "symbion2", "symbion2\symbion2.vcxproj", "{C4CD604D-11E9-4262-878A-AFE0B1321E48}"
EndProject
Project("{8BC9CEB8-8B4A-11D0-8D11-00A0C91BC942}") = "test_log2", "test_log2\test_log2.vcxproj", "{3339A508-D683-429E-901F-5075B9E93181}"
EndProject
Project("{8BC9CEB8-8B4A-11D0-8D11-00A0C91BC942}") = "Unicode1", "Unicode1\Unicode1.vcxproj", "{BA32ECCF-FBA5-4E4F-BCE7-FD59C219A921}"
EndProject
Project("{8BC9CEB8-8B4A-11D0-8D11-00A0C91BC942}") = "Unicode2", "Unicode2\Unicode2.vcxproj", "{ABE49F7E-4519-4809-BC2E-A38820F5A561}"
EndProject
Project("{8BC9CEB8-8B4A-11D0-8D11-00A0C91BC942}") = "MyLog", "MyLog\MyLog.vcxproj", "{B760CE88-E27A-4050-9846-36C523A48E54}"
EndProject
Project("{8BC9CEB8-8B4A-11D0-8D11-00A0C91BC942}") = "TestLog1", "TestLog1\TestLog1.vcxproj", "{21C91A68-2D8B-4B25-9110-8D427998E790}"
	ProjectSection(ProjectDependencies) = postProject
		{B760CE88-E27A-4050-9846-36C523A48E54} = {B760CE88-E27A-4050-9846-36C523A48E54}
	EndProjectSection
EndProject
Project("{8BC9CEB8-8B4A-11D0-8D11-00A0C91BC942}") = "FileLogger", "FileLogger\FileLogger.vcxproj", "{93A2CAEB-33BF-47B5-B675-CA089739E7DC}"
	ProjectSection(ProjectDependencies) = postProject
		{B760CE88-E27A-4050-9846-36C523A48E54} = {B760CE88-E27A-4050-9846-36C523A48E54}
	EndProjectSection
EndProject
Project("{8BC9CEB8-8B4A-11D0-8D11-00A0C91BC942}") = "EventLogger", "EventLogger\EventLogger.vcxproj", "{A1171C02-4AED-4988-90EB-E3C47BF219F0}"
	ProjectSection(ProjectDependencies) = postProject
		{B760CE88-E27A-4050-9846-36C523A48E54} = {B760CE88-E27A-4050-9846-36C523A48E54}
	EndProjectSection
EndProject
Project("{8BC9CEB8-8B4A-11D0-8D11-00A0C91BC942}") = "LogCom", "LogCom\LogCom.vcxproj", "{0B59FC36-0C71-46FE-A796-D9A88615684B}"
EndProject
Project("{8BC9CEB8-8B4A-11D0-8D11-00A0C91BC942}") = "LogCLR", "LogCLR\LogCLR.vcxproj", "{B9965135-E8D8-42B6-8813-6D8F0595B126}"
EndProject
Project("{FAE04EC0-301F-11D3-BF4B-00C04F79EFBC}") = "TestLogCLR", "TestLogCLR\TestLogCLR.csproj", "{31F72458-B815-4588-B9F7-B4DF9C93EC52}"
EndProject
Global
	GlobalSection(SolutionConfigurationPlatforms) = preSolution
		Debug|Any CPU = Debug|Any CPU
		Debug|x64 = Debug|x64
		Debug|x86 = Debug|x86
		Release|Any CPU = Release|Any CPU
		Release|x64 = Release|x64
		Release|x86 = Release|x86
	EndGlobalSection
	GlobalSection(ProjectConfigurationPlatforms) = postSolution
		{83D5C822-BEC6-4808-AF8A-FD186B67F4A6}.Debug|Any CPU.ActiveCfg = Debug|Win32
		{83D5C822-BEC6-4808-AF8A-FD186B67F4A6}.Debug|x64.ActiveCfg = Debug|x64
		{83D5C822-BEC6-4808-AF8A-FD186B67F4A6}.Debug|x64.Build.0 = Debug|x64
		{83D5C822-BEC6-4808-AF8A-FD186B67F4A6}.Debug|x86.ActiveCfg = Debug|Win32
		{83D5C822-BEC6-4808-AF8A-FD186B67F4A6}.Debug|x86.Build.0 = Debug|Win32
		{83D5C822-BEC6-4808-AF8A-FD186B67F4A6}.Release|Any CPU.ActiveCfg = Release|Win32
		{83D5C822-BEC6-4808-AF8A-FD186B67F4A6}.Release|x64.ActiveCfg = Release|x64
		{83D5C822-BEC6-4808-AF8A-FD186B67F4A6}.Release|x64.Build.0 = Release|x64
		{83D5C822-BEC6-4808-AF8A-FD186B67F4A6}.Release|x86.ActiveCfg = Release|Win32
		{83D5C822-BEC6-4808-AF8A-FD186B67F4A6}.Release|x86.Build.0 = Release|Win32
		{91F89E45-14E3-4B13-986D-5B20FF6B157A}.Debug|Any CPU.ActiveCfg = Debug|Win32
		{91F89E45-14E3-4B13-986D-5B20FF6B157A}.Debug|x64.ActiveCfg = Debug|x64
		{91F89E45-14E3-4B13-986D-5B20FF6B157A}.Debug|x64.Build.0 = Debug|x64
		{91F89E45-14E3-4B13-986D-5B20FF6B157A}.Debug|x86.ActiveCfg = Debug|Win32
		{91F89E45-14E3-4B13-986D-5B20FF6B157A}.Debug|x86.Build.0 = Debug|Win32
		{91F89E45-14E3-4B13-986D-5B20FF6B157A}.Release|Any CPU.ActiveCfg = Release|Win32
		{91F89E45-14E3-4B13-986D-5B20FF6B157A}.Release|x64.ActiveCfg = Release|x64
		{91F89E45-14E3-4B13-986D-5B20FF6B157A}.Release|x64.Build.0 = Release|x64
		{91F89E45-14E3-4B13-986D-5B20FF6B157A}.Release|x86.ActiveCfg = Release|Win32
		{91F89E45-14E3-4B13-986D-5B20FF6B157A}.Release|x86.Build.0 = Release|Win32
		{C4CD604D-11E9-4262-878A-AFE0B1321E48}.Debug|Any CPU.ActiveCfg = Debug|Win32
		{C4CD604D-11E9-4262-878A-AFE0B1321E48}.Debug|x64.ActiveCfg = Debug|x64
		{C4CD604D-11E9-4262-878A-AFE0B1321E48}.Debug|x64.Build.0 = Debug|x64
		{C4CD604D-11E9-4262-878A-AFE0B1321E48}.Debug|x86.ActiveCfg = Debug|Win32
		{C4CD604D-11E9-4262-878A-AFE0B1321E48}.Debug|x86.Build.0 = Debug|Win32
		{C4CD604D-11E9-4262-878A-AFE0B1321E48}.Release|Any CPU.ActiveCfg = Release|Win32
		{C4CD604D-11E9-4262-878A-AFE0B1321E48}.Release|x64.ActiveCfg = Release|x64
		{C4CD604D-11E9-4262-878A-AFE0B1321E48}.Release|x64.Build.0 = Release|x64
		{C4CD604D-11E9-4262-878A-AFE0B1321E48}.Release|x86.ActiveCfg = Release|Win32
		{C4CD604D-11E9-4262-878A-AFE0B1321E48}.Release|x86.Build.0 = Release|Win32
		{3339A508-D683-429E-901F-5075B9E93181}.Debug|Any CPU.ActiveCfg = Debug|Win32
		{3339A508-D683-429E-901F-5075B9E93181}.Debug|x64.ActiveCfg = Debug|x64
		{3339A508-D683-429E-901F-5075B9E93181}.Debug|x64.Build.0 = Debug|x64
		{3339A508-D683-429E-901F-5075B9E93181}.Debug|x86.ActiveCfg = Debug|Win32
		{3339A508-D683-429E-901F-5075B9E93181}.Debug|x86.Build.0 = Debug|Win32
		{3339A508-D683-429E-901F-5075B9E93181}.Release|Any CPU.ActiveCfg = Release|Win32
		{3339A508-D683-429E-901F-5075B9E93181}.Release|x64.ActiveCfg = Release|x64
		{3339A508-D683-429E-901F-5075B9E93181}.Release|x64.Build.0 = Release|x64
		{3339A508-D683-429E-901F-5075B9E93181}.Release|x86.ActiveCfg = Release|Win32
		{3339A508-D683-429E-901F-5075B9E93181}.Release|x86.Build.0 = Release|Win32
		{BA32ECCF-FBA5-4E4F-BCE7-FD59C219A921}.Debug|Any CPU.ActiveCfg = Debug|Win32
		{BA32ECCF-FBA5-4E4F-BCE7-FD59C219A921}.Debug|x64.ActiveCfg = Debug|x64
		{BA32ECCF-FBA5-4E4F-BCE7-FD59C219A921}.Debug|x64.Build.0 = Debug|x64
		{BA32ECCF-FBA5-4E4F-BCE7-FD59C219A921}.Debug|x86.ActiveCfg = Debug|Win32
		{BA32ECCF-FBA5-4E4F-BCE7-FD59C219A921}.Debug|x86.Build.0 = Debug|Win32
		{BA32ECCF-FBA5-4E4F-BCE7-FD59C219A921}.Release|Any CPU.ActiveCfg = Release|Win32
		{BA32ECCF-FBA5-4E4F-BCE7-FD59C219A921}.Release|x64.ActiveCfg = Release|x64
		{BA32ECCF-FBA5-4E4F-BCE7-FD59C219A921}.Release|x64.Build.0 = Release|x64
		{BA32ECCF-FBA5-4E4F-BCE7-FD59C219A921}.Release|x86.ActiveCfg = Release|Win32
		{BA32ECCF-FBA5-4E4F-BCE7-FD59C219A921}.Release|x86.Build.0 = Release|Win32
		{ABE49F7E-4519-4809-BC2E-A38820F5A561}.Debug|Any CPU.ActiveCfg = Debug|Win32
		{ABE49F7E-4519-4809-BC2E-A38820F5A561}.Debug|x64.ActiveCfg = Debug|x64
		{ABE49F7E-4519-4809-BC2E-A38820F5A561}.Debug|x64.Build.0 = Debug|x64
		{ABE49F7E-4519-4809-BC2E-A38820F5A561}.Debug|x86.ActiveCfg = Debug|Win32
		{ABE49F7E-4519-4809-BC2E-A38820F5A561}.Debug|x86.Build.0 = Debug|Win32
		{ABE49F7E-4519-4809-BC2E-A38820F5A561}.Release|Any CPU.ActiveCfg = Release|Win32
		{ABE49F7E-4519-4809-BC2E-A38820F5A561}.Release|x64.ActiveCfg = Release|x64
		{ABE49F7E-4519-4809-BC2E-A38820F5A561}.Release|x64.Build.0 = Release|x64
		{ABE49F7E-4519-4809-BC2E-A38820F5A561}.Release|x86.ActiveCfg = Release|Win32
		{ABE49F7E-4519-4809-BC2E-A38820F5A561}.Release|x86.Build.0 = Release|Win32
		{B760CE88-E27A-4050-9846-36C523A48E54}.Debug|Any CPU.ActiveCfg = Debug|Win32
		{B760CE88-E27A-4050-9846-36C523A48E54}.Debug|x64.ActiveCfg = Debug|x64
		{B760CE88-E27A-4050-9846-36C523A48E54}.Debug|x64.Build.0 = Debug|x64
		{B760CE88-E27A-4050-9846-36C523A48E54}.Debug|x86.ActiveCfg = Debug|Win32
		{B760CE88-E27A-4050-9846-36C523A48E54}.Debug|x86.Build.0 = Debug|Win32
		{B760CE88-E27A-4050-9846-36C523A48E54}.Release|Any CPU.ActiveCfg = Release|Win32
		{B760CE88-E27A-4050-9846-36C523A48E54}.Release|x64.ActiveCfg = Release|x64
		{B760CE88-E27A-4050-9846-36C523A48E54}.Release|x64.Build.0 = Release|x64
		{B760CE88-E27A-4050-9846-36C523A48E54}.Release|x86.ActiveCfg = Release|Win32
		{B760CE88-E27A-4050-9846-36C523A48E54}.Release|x86.Build.0 = Release|Win32
		{21C91A68-2D8B-4B25-9110-8D427998E790}.Debug|Any CPU.ActiveCfg = Debug|Win32
		{21C91A68-2D8B-4B25-9110-8D427998E790}.Debug|x64.ActiveCfg = Debug|x64
		{21C91A68-2D8B-4B25-9110-8D427998E790}.Debug|x64.Build.0 = Debug|x64
		{21C91A68-2D8B-4B25-9110-8D427998E790}.Debug|x86.ActiveCfg = Debug|Win32
		{21C91A68-2D8B-4B25-9110-8D427998E790}.Debug|x86.Build.0 = Debug|Win32
		{21C91A68-2D8B-4B25-9110-8D427998E790}.Release|Any CPU.ActiveCfg = Release|Win32
		{21C91A68-2D8B-4B25-9110-8D427998E790}.Release|x64.ActiveCfg = Release|x64
		{21C91A68-2D8B-4B25-9110-8D427998E790}.Release|x64.Build.0 = Release|x64
		{21C91A68-2D8B-4B25-9110-8D427998E790}.Release|x86.ActiveCfg = Release|Win32
		{21C91A68-2D8B-4B25-9110-8D427998E790}.Release|x86.Build.0 = Release|Win32
		{93A2CAEB-33BF-47B5-B675-CA089739E7DC}.Debug|Any CPU.ActiveCfg = Debug|Win32
		{93A2CAEB-33BF-47B5-B675-CA089739E7DC}.Debug|x64.ActiveCfg = Debug|x64
		{93A2CAEB-33BF-47B5-B675-CA089739E7DC}.Debug|x64.Build.0 = Debug|x64
		{93A2CAEB-33BF-47B5-B675-CA089739E7DC}.Debug|x86.ActiveCfg = Debug|Win32
		{93A2CAEB-33BF-47B5-B675-CA089739E7DC}.Debug|x86.Build.0 = Debug|Win32
		{93A2CAEB-33BF-47B5-B675-CA089739E7DC}.Release|Any CPU.ActiveCfg = Release|Win32
		{93A2CAEB-33BF-47B5-B675-CA089739E7DC}.Release|x64.ActiveCfg = Release|x64
		{93A2CAEB-33BF-47B5-B675-CA089739E7DC}.Release|x64.Build.0 = Release|x64
		{93A2CAEB-33BF-47B5-B675-CA089739E7DC}.Release|x86.ActiveCfg = Release|Win32
		{93A2CAEB-33BF-47B5-B675-CA089739E7DC}.Release|x86.Build.0 = Release|Win32
		{A1171C02-4AED-4988-90EB-E3C47BF219F0}.Debug|Any CPU.ActiveCfg = Debug|Win32
		{A1171C02-4AED-4988-90EB-E3C47BF219F0}.Debug|x64.ActiveCfg = Debug|x64
		{A1171C02-4AED-4988-90EB-E3C47BF219F0}.Debug|x64.Build.0 = Debug|x64
		{A1171C02-4AED-4988-90EB-E3C47BF219F0}.Debug|x86.ActiveCfg = Debug|Win32
		{A1171C02-4AED-4988-90EB-E3C47BF219F0}.Debug|x86.Build.0 = Debug|Win32
		{A1171C02-4AED-4988-90EB-E3C47BF219F0}.Release|Any CPU.ActiveCfg = Release|Win32
		{A1171C02-4AED-4988-90EB-E3C47BF219F0}.Release|x64.ActiveCfg = Release|x64
		{A1171C02-4AED-4988-90EB-E3C47BF219F0}.Release|x64.Build.0 = Release|x64
		{A1171C02-4AED-4988-90EB-E3C47BF219F0}.Release|x86.ActiveCfg = Release|Win32
		{A1171C02-4AED-4988-90EB-E3C47BF219F0}.Release|x86.Build.0 = Release|Win32
		{0B59FC36-0C71-46FE-A796-D9A88615684B}.Debug|Any CPU.ActiveCfg = Debug|Win32
		{0B59FC36-0C71-46FE-A796-D9A88615684B}.Debug|x64.ActiveCfg = Debug|x64
		{0B59FC36-0C71-46FE-A796-D9A88615684B}.Debug|x64.Build.0 = Debug|x64
		{0B59FC36-0C71-46FE-A796-D9A88615684B}.Debug|x86.ActiveCfg = Debug|Win32
		{0B59FC36-0C71-46FE-A796-D9A88615684B}.Debug|x86.Build.0 = Debug|Win32
		{0B59FC36-0C71-46FE-A796-D9A88615684B}.Release|Any CPU.ActiveCfg = Release|Win32
		{0B59FC36-0C71-46FE-A796-D9A88615684B}.Release|x64.ActiveCfg = Release|x64
		{0B59FC36-0C71-46FE-A796-D9A88615684B}.Release|x64.Build.0 = Release|x64
		{0B59FC36-0C71-46FE-A796-D9A88615684B}.Release|x86.ActiveCfg = Release|Win32
		{0B59FC36-0C71-46FE-A796-D9A88615684B}.Release|x86.Build.0 = Release|Win32
		{B9965135-E8D8-42B6-8813-6D8F0595B126}.Debug|Any CPU.ActiveCfg = Debug|Win32
		{B9965135-E8D8-42B6-8813-6D8F0595B126}.Debug|x64.ActiveCfg = Debug|x64
		{B9965135-E8D8-42B6-8813-6D8F0595B126}.Debug|x64.Build.0 = Debug|x64
		{B9965135-E8D8-42B6-8813-6D8F0595B126}.Debug|x86.ActiveCfg = Debug|Win32
		{B9965135-E8D8-42B6-8813-6D8F0595B126}.Debug|x86.Build.0 = Debug|Win32
		{B9965135-E8D8-42B6-8813-6D8F0595B126}.Release|Any CPU.ActiveCfg = Release|Win32
		{B9965135-E8D8-42B6-8813-6D8F0595B126}.Release|x64.ActiveCfg = Release|x64
		{B9965135-E8D8-42B6-8813-6D8F0595B126}.Release|x64.Build.0 = Release|x64
		{B9965135-E8D8-42B6-8813-6D8F0595B126}.Release|x86.ActiveCfg = Release|Win32
		{B9965135-E8D8-42B6-8813-6D8F0595B126}.Release|x86.Build.0 = Release|Win32
		{31F72458-B815-4588-B9F7-B4DF9C93EC52}.Debug|Any CPU.ActiveCfg = Debug|Any CPU
		{31F72458-B815-4588-B9F7-B4DF9C93EC52}.Debug|Any CPU.Build.0 = Debug|Any CPU
		{31F72458-B815-4588-B9F7-B4DF9C93EC52}.Debug|x64.ActiveCfg = Debug|Any CPU
		{31F72458-B815-4588-B9F7-B4DF9C93EC52}.Debug|x64.Build.0 = Debug|Any CPU
		{31F72458-B815-4588-B9F7-B4DF9C93EC52}.Debug|x86.ActiveCfg = Debug|Any CPU
		{31F72458-B815-4588-B9F7-B4DF9C93EC52}.Debug|x86.Build.0 = Debug|Any CPU
		{31F72458-B815-4588-B9F7-B4DF9C93EC52}.Release|Any CPU.ActiveCfg = Release|Any CPU
		{31F72458-B815-4588-B9F7-B4DF9C93EC52}.Release|Any CPU.Build.0 = Release|Any CPU
		{31F72458-B815-4588-B9F7-B4DF9C93EC52}.Release|x64.ActiveCfg = Release|Any CPU
		{31F72458-B815-4588-B9F7-B4DF9C93EC52}.Release|x64.Build.0 = Release|Any CPU
		{31F72458-B815-4588-B9F7-B4DF9C93EC52}.Release|x86.ActiveCfg = Release|Any CPU
		{31F72458-B815-4588-B9F7-B4DF9C93EC52}.Release|x86.Build.0 = Release|Any CPU
	EndGlobalSection
	GlobalSection(SolutionProperties) = preSolution
		HideSolutionNode = FALSE
	EndGlobalSection
	GlobalSection(ExtensibilityGlobals) = postSolution
		SolutionGuid = {325ECB80-6DE1-4B59-889A-AF2E8D87B93E}
	EndGlobalSection
EndGlobal
